
Microsoft Visual Studio Solution File, Format Version 12.00
# Visual Studio Version 16
VisualStudioVersion = 16.0.30517.126
MinimumVisualStudioVersion = 10.0.40219.1
Project("{FAE04EC0-301F-11D3-BF4B-00C04F79EFBC}") = "HololiveFightingGame", "HololiveFightingGame.csproj", "{B095E0FC-1C04-4DF5-BE85-AE1BF88B50FF}"
EndProject
Global
	GlobalSection(SolutionConfigurationPlatforms) = preSolution
		Debug|Any CPU = Debug|Any CPU
		Release|Any CPU = Release|Any CPU
	EndGlobalSection
	GlobalSection(ProjectConfigurationPlatforms) = postSolution
		{B095E0FC-1C04-4DF5-BE85-AE1BF88B50FF}.Debug|Any CPU.ActiveCfg = Debug|Any CPU
		{B095E0FC-1C04-4DF5-BE85-AE1BF88B50FF}.Debug|Any CPU.Build.0 = Debug|Any CPU
		{B095E0FC-1C04-4DF5-BE85-AE1BF88B50FF}.Release|Any CPU.ActiveCfg = Release|Any CPU
		{B095E0FC-1C04-4DF5-BE85-AE1BF88B50FF}.Release|Any CPU.Build.0 = Release|Any CPU
	EndGlobalSection
	GlobalSection(SolutionProperties) = preSolution
		HideSolutionNode = FALSE
	EndGlobalSection
	GlobalSection(ExtensibilityGlobals) = postSolution
		SolutionGuid = {C0741961-B748-402C-A72F-42F06CB07C57}
	EndGlobalSection
EndGlobal
